
Microsoft Visual Studio Solution File, Format Version 12.00
# Visual Studio Version 16
VisualStudioVersion = 16.0.30114.105
MinimumVisualStudioVersion = 10.0.40219.1
Project("{9A19103F-16F7-4668-BE54-9A1E7A4F7556}") = "WinDX", "WinDX\WinDX.csproj", "{321DB5A8-C5C4-4186-B614-7F5A322A00C8}"
EndProject
Project("{9A19103F-16F7-4668-BE54-9A1E7A4F7556}") = "DesktopGL", "DesktopGL\DesktopGL.csproj", "{32E47704-0C8E-456B-814A-4DE1B52DFF3C}"
EndProject
Project("{9A19103F-16F7-4668-BE54-9A1E7A4F7556}") = "Dolanan.AsepritePipeline", "Pipeline\Dolanan.AsepritePipeline\Dolanan.AsepritePipeline.csproj", "{29D3A1C5-5E95-46E3-8906-8BAE7DA0A885}"
EndProject
Project("{D954291E-2A0B-460D-934E-DC6B0785DB48}") = "Dolanan", "Dolanan\Dolanan.shproj", "{E050D35C-2378-4917-99CB-AB4D5B135D97}"
EndProject
Project("{D954291E-2A0B-460D-934E-DC6B0785DB48}") = "Sample", "Sample\Sample.shproj", "{D868ECCC-415F-44DE-9F1E-1734928FAB48}"
EndProject
Project("{FAE04EC0-301F-11D3-BF4B-00C04F79EFBC}") = "Dolanan.PipelineReader", "ThirdParty\Dolanan.PipelineReader\Dolanan.PipelineReader.csproj", "{FAA1775E-0E8B-4627-BCF8-CEE1025B6BBE}"
EndProject
Project("{D954291E-2A0B-460D-934E-DC6B0785DB48}") = "Template", "Template\Template.shproj", "{7F40F1E7-D4B9-4BE9-A205-1918831EFB5E}"
EndProject
Global
	GlobalSection(SharedMSBuildProjectFiles) = preSolution
		Dolanan\Dolanan.projitems*{321db5a8-c5c4-4186-b614-7f5a322a00c8}*SharedItemsImports = 5
		Sample\Sample.projitems*{321db5a8-c5c4-4186-b614-7f5a322a00c8}*SharedItemsImports = 5
		Dolanan\Dolanan.projitems*{32e47704-0c8e-456b-814a-4de1b52dff3c}*SharedItemsImports = 5
		Sample\Sample.projitems*{32e47704-0c8e-456b-814a-4de1b52dff3c}*SharedItemsImports = 5
		Sample\Sample.projitems*{d868eccc-415f-44de-9f1e-1734928fab48}*SharedItemsImports = 13
		Dolanan\Dolanan.projitems*{e050d35c-2378-4917-99cb-ab4d5b135d97}*SharedItemsImports = 13
	EndGlobalSection
	GlobalSection(SolutionConfigurationPlatforms) = preSolution
		Debug|Any CPU = Debug|Any CPU
		Release|Any CPU = Release|Any CPU
	EndGlobalSection
	GlobalSection(ProjectConfigurationPlatforms) = postSolution
		{321DB5A8-C5C4-4186-B614-7F5A322A00C8}.Debug|Any CPU.ActiveCfg = Debug|Any CPU
		{321DB5A8-C5C4-4186-B614-7F5A322A00C8}.Debug|Any CPU.Build.0 = Debug|Any CPU
		{321DB5A8-C5C4-4186-B614-7F5A322A00C8}.Release|Any CPU.ActiveCfg = Release|Any CPU
		{321DB5A8-C5C4-4186-B614-7F5A322A00C8}.Release|Any CPU.Build.0 = Release|Any CPU
		{32E47704-0C8E-456B-814A-4DE1B52DFF3C}.Debug|Any CPU.ActiveCfg = Debug|Any CPU
		{32E47704-0C8E-456B-814A-4DE1B52DFF3C}.Debug|Any CPU.Build.0 = Debug|Any CPU
		{32E47704-0C8E-456B-814A-4DE1B52DFF3C}.Release|Any CPU.ActiveCfg = Release|Any CPU
		{32E47704-0C8E-456B-814A-4DE1B52DFF3C}.Release|Any CPU.Build.0 = Release|Any CPU
		{29D3A1C5-5E95-46E3-8906-8BAE7DA0A885}.Debug|Any CPU.ActiveCfg = Debug|Any CPU
		{29D3A1C5-5E95-46E3-8906-8BAE7DA0A885}.Debug|Any CPU.Build.0 = Debug|Any CPU
		{29D3A1C5-5E95-46E3-8906-8BAE7DA0A885}.Release|Any CPU.ActiveCfg = Release|Any CPU
		{29D3A1C5-5E95-46E3-8906-8BAE7DA0A885}.Release|Any CPU.Build.0 = Release|Any CPU
		{FAA1775E-0E8B-4627-BCF8-CEE1025B6BBE}.Debug|Any CPU.ActiveCfg = Debug|Any CPU
		{FAA1775E-0E8B-4627-BCF8-CEE1025B6BBE}.Debug|Any CPU.Build.0 = Debug|Any CPU
		{FAA1775E-0E8B-4627-BCF8-CEE1025B6BBE}.Release|Any CPU.ActiveCfg = Release|Any CPU
		{FAA1775E-0E8B-4627-BCF8-CEE1025B6BBE}.Release|Any CPU.Build.0 = Release|Any CPU
	EndGlobalSection
	GlobalSection(SolutionProperties) = preSolution
		HideSolutionNode = FALSE
	EndGlobalSection
	GlobalSection(ExtensibilityGlobals) = postSolution
		SolutionGuid = {25C3766F-543D-4F00-95DB-56B7ED2A1A6E}
	EndGlobalSection
EndGlobal
