
Microsoft Visual Studio Solution File, Format Version 12.00
# Visual Studio Version 16
VisualStudioVersion = 16.0.30114.105
MinimumVisualStudioVersion = 10.0.40219.1
Project("{9A19103F-16F7-4668-BE54-9A1E7A4F7556}") = "Platform_WinDX", "Platform_WinDX\Platform_WinDX.csproj", "{25FE953A-CF67-462C-A72D-B4836DABF269}"
EndProject
Project("{9A19103F-16F7-4668-BE54-9A1E7A4F7556}") = "Platform_OpenGL", "Platform_OpenGL\Platform_OpenGL.csproj", "{44357A38-89D8-4D68-B8E0-EE42F9C82FD7}"
EndProject
Project("{D954291E-2A0B-460D-934E-DC6B0785DB48}") = "CoreGame", "CoreGame\CoreGame.shproj", "{56718425-E188-4C51-91EC-74D4D1757FD9}"
EndProject
Project("{FAE04EC0-301F-11D3-BF4B-00C04F79EFBC}") = "MonoGame.Humper", "MonoGame.Humper\MonoGame.Humper.csproj", "{0627678B-B835-4310-BD83-642CE6F2276C}"
EndProject
Global
	GlobalSection(SharedMSBuildProjectFiles) = preSolution
		HumperShared\HumperShared.projitems*{1dff10fe-9913-449f-9e42-f2d025af9b36}*SharedItemsImports = 13
		CoreGame\CoreGame.projitems*{25fe953a-cf67-462c-a72d-b4836dabf269}*SharedItemsImports = 5
		HumperShared\HumperShared.projitems*{25fe953a-cf67-462c-a72d-b4836dabf269}*SharedItemsImports = 5
		CoreGame\CoreGame.projitems*{44357a38-89d8-4d68-b8e0-ee42f9c82fd7}*SharedItemsImports = 5
		HumperShared\HumperShared.projitems*{44357a38-89d8-4d68-b8e0-ee42f9c82fd7}*SharedItemsImports = 5
		CoreGame\CoreGame.projitems*{56718425-e188-4c51-91ec-74d4d1757fd9}*SharedItemsImports = 13
	EndGlobalSection
	GlobalSection(SolutionConfigurationPlatforms) = preSolution
		Debug|Any CPU = Debug|Any CPU
		Release|Any CPU = Release|Any CPU
	EndGlobalSection
	GlobalSection(ProjectConfigurationPlatforms) = postSolution
		{25FE953A-CF67-462C-A72D-B4836DABF269}.Debug|Any CPU.ActiveCfg = Debug|Any CPU
		{25FE953A-CF67-462C-A72D-B4836DABF269}.Debug|Any CPU.Build.0 = Debug|Any CPU
		{25FE953A-CF67-462C-A72D-B4836DABF269}.Release|Any CPU.ActiveCfg = Release|Any CPU
		{25FE953A-CF67-462C-A72D-B4836DABF269}.Release|Any CPU.Build.0 = Release|Any CPU
		{44357A38-89D8-4D68-B8E0-EE42F9C82FD7}.Debug|Any CPU.ActiveCfg = Debug|Any CPU
		{44357A38-89D8-4D68-B8E0-EE42F9C82FD7}.Debug|Any CPU.Build.0 = Debug|Any CPU
		{44357A38-89D8-4D68-B8E0-EE42F9C82FD7}.Release|Any CPU.ActiveCfg = Release|Any CPU
		{44357A38-89D8-4D68-B8E0-EE42F9C82FD7}.Release|Any CPU.Build.0 = Release|Any CPU
		{1DD7D455-8710-44A5-B275-8606EB78D80E}.Debug|Any CPU.ActiveCfg = Debug|Any CPU
		{1DD7D455-8710-44A5-B275-8606EB78D80E}.Debug|Any CPU.Build.0 = Debug|Any CPU
		{1DD7D455-8710-44A5-B275-8606EB78D80E}.Release|Any CPU.ActiveCfg = Release|Any CPU
		{1DD7D455-8710-44A5-B275-8606EB78D80E}.Release|Any CPU.Build.0 = Release|Any CPU
		{0627678B-B835-4310-BD83-642CE6F2276C}.Debug|Any CPU.ActiveCfg = Debug|Any CPU
		{0627678B-B835-4310-BD83-642CE6F2276C}.Debug|Any CPU.Build.0 = Debug|Any CPU
		{0627678B-B835-4310-BD83-642CE6F2276C}.Release|Any CPU.ActiveCfg = Release|Any CPU
		{0627678B-B835-4310-BD83-642CE6F2276C}.Release|Any CPU.Build.0 = Release|Any CPU
	EndGlobalSection
	GlobalSection(SolutionProperties) = preSolution
		HideSolutionNode = FALSE
	EndGlobalSection
	GlobalSection(ExtensibilityGlobals) = postSolution
		SolutionGuid = {8496AF5A-5E89-4805-9CC1-60E1D88265A1}
	EndGlobalSection
EndGlobal
